// !$*UTF8*$!
{
	archiveVersion = 1;
	classes = {
	};
	objectVersion = 48;
	objects = {

/* Begin PBXBuildFile section */
		24FFDA8B205A7FA200E194CA /* AppDelegate.swift in Sources */ = {isa = PBXBuildFile; fileRef = 24FFDA8A205A7FA200E194CA /* AppDelegate.swift */; };
		24FFDA8D205A7FA200E194CA /* ViewController.swift in Sources */ = {isa = PBXBuildFile; fileRef = 24FFDA8C205A7FA200E194CA /* ViewController.swift */; };
		24FFDA90205A7FA200E194CA /* Main.storyboard in Resources */ = {isa = PBXBuildFile; fileRef = 24FFDA8E205A7FA200E194CA /* Main.storyboard */; };
		24FFDA92205A7FA200E194CA /* Assets.xcassets in Resources */ = {isa = PBXBuildFile; fileRef = 24FFDA91205A7FA200E194CA /* Assets.xcassets */; };
		24FFDA95205A7FA200E194CA /* LaunchScreen.storyboard in Resources */ = {isa = PBXBuildFile; fileRef = 24FFDA93205A7FA200E194CA /* LaunchScreen.storyboard */; };
/* End PBXBuildFile section */

/* Begin PBXFileReference section */
		24FFDA87205A7FA200E194CA /* WhatsThatFlower.app */ = {isa = PBXFileReference; explicitFileType = wrapper.application; includeInIndex = 0; path = WhatsThatFlower.app; sourceTree = BUILT_PRODUCTS_DIR; };
		24FFDA8A205A7FA200E194CA /* AppDelegate.swift */ = {isa = PBXFileReference; lastKnownFileType = sourcecode.swift; path = AppDelegate.swift; sourceTree = "<group>"; };
		24FFDA8C205A7FA200E194CA /* ViewController.swift */ = {isa = PBXFileReference; lastKnownFileType = sourcecode.swift; path = ViewController.swift; sourceTree = "<group>"; };
		24FFDA8F205A7FA200E194CA /* Base */ = {isa = PBXFileReference; lastKnownFileType = file.storyboard; name = Base; path = Base.lproj/Main.storyboard; sourceTree = "<group>"; };
		24FFDA91205A7FA200E194CA /* Assets.xcassets */ = {isa = PBXFileReference; lastKnownFileType = folder.assetcatalog; path = Assets.xcassets; sourceTree = "<group>"; };
		24FFDA94205A7FA200E194CA /* Base */ = {isa = PBXFileReference; lastKnownFileType = file.storyboard; name = Base; path = Base.lproj/LaunchScreen.storyboard; sourceTree = "<group>"; };
		24FFDA96205A7FA200E194CA /* Info.plist */ = {isa = PBXFileReference; lastKnownFileType = text.plist.xml; path = Info.plist; sourceTree = "<group>"; };
/* End PBXFileReference section */

/* Begin PBXFrameworksBuildPhase section */
		24FFDA84205A7FA200E194CA /* Frameworks */ = {
			isa = PBXFrameworksBuildPhase;
			buildActionMask = 2147483647;
			files = (
			);
			runOnlyForDeploymentPostprocessing = 0;
		};
/* End PBXFrameworksBuildPhase section */

/* Begin PBXGroup section */
		24FFDA7E205A7FA200E194CA = {
			isa = PBXGroup;
			children = (
				24FFDA89205A7FA200E194CA /* WhatsThatFlower */,
				24FFDA88205A7FA200E194CA /* Products */,
			);
			sourceTree = "<group>";
		};
		24FFDA88205A7FA200E194CA /* Products */ = {
			isa = PBXGroup;
			children = (
				24FFDA87205A7FA200E194CA /* WhatsThatFlower.app */,
			);
			name = Products;
			sourceTree = "<group>";
		};
		24FFDA89205A7FA200E194CA /* WhatsThatFlower */ = {
			isa = PBXGroup;
			children = (
				24FFDA8A205A7FA200E194CA /* AppDelegate.swift */,
				24FFDA8C205A7FA200E194CA /* ViewController.swift */,
				24FFDA8E205A7FA200E194CA /* Main.storyboard */,
				24FFDA91205A7FA200E194CA /* Assets.xcassets */,
				24FFDA93205A7FA200E194CA /* LaunchScreen.storyboard */,
				24FFDA96205A7FA200E194CA /* Info.plist */,
			);
			path = WhatsThatFlower;
			sourceTree = "<group>";
		};
/* End PBXGroup section */

/* Begin PBXNativeTarget section */
		24FFDA86205A7FA200E194CA /* WhatsThatFlower */ = {
			isa = PBXNativeTarget;
			buildConfigurationList = 24FFDA99205A7FA200E194CA /* Build configuration list for PBXNativeTarget "WhatsThatFlower" */;
			buildPhases = (
				24FFDA83205A7FA200E194CA /* Sources */,
				24FFDA84205A7FA200E194CA /* Frameworks */,
				24FFDA85205A7FA200E194CA /* Resources */,
			);
			buildRules = (
			);
			dependencies = (
			);
			name = WhatsThatFlower;
			productName = WhatsThatFlower;
			productReference = 24FFDA87205A7FA200E194CA /* WhatsThatFlower.app */;
			productType = "com.apple.product-type.application";
		};
/* End PBXNativeTarget section */

/* Begin PBXProject section */
		24FFDA7F205A7FA200E194CA /* Project object */ = {
			isa = PBXProject;
			attributes = {
				LastSwiftUpdateCheck = 0920;
				LastUpgradeCheck = 0920;
				ORGANIZATIONNAME = "mahmoud khudairi";
				TargetAttributes = {
					24FFDA86205A7FA200E194CA = {
						CreatedOnToolsVersion = 9.2;
						ProvisioningStyle = Automatic;
					};
				};
			};
			buildConfigurationList = 24FFDA82205A7FA200E194CA /* Build configuration list for PBXProject "WhatsThatFlower" */;
			compatibilityVersion = "Xcode 8.0";
			developmentRegion = en;
			hasScannedForEncodings = 0;
			knownRegions = (
				en,
				Base,
			);
			mainGroup = 24FFDA7E205A7FA200E194CA;
			productRefGroup = 24FFDA88205A7FA200E194CA /* Products */;
			projectDirPath = "";
			projectRoot = "";
			targets = (
				24FFDA86205A7FA200E194CA /* WhatsThatFlower */,
			);
		};
/* End PBXProject section */

/* Begin PBXResourcesBuildPhase section */
		24FFDA85205A7FA200E194CA /* Resources */ = {
			isa = PBXResourcesBuildPhase;
			buildActionMask = 2147483647;
			files = (
				24FFDA95205A7FA200E194CA /* LaunchScreen.storyboard in Resources */,
				24FFDA92205A7FA200E194CA /* Assets.xcassets in Resources */,
				24FFDA90205A7FA200E194CA /* Main.storyboard in Resources */,
			);
			runOnlyForDeploymentPostprocessing = 0;
		};
/* End PBXResourcesBuildPhase section */

/* Begin PBXSourcesBuildPhase section */
		24FFDA83205A7FA200E194CA /* Sources */ = {
			isa = PBXSourcesBuildPhase;
			buildActionMask = 2147483647;
			files = (
				24FFDA8D205A7FA200E194CA /* ViewController.swift in Sources */,
				24FFDA8B205A7FA200E194CA /* AppDelegate.swift in Sources */,
			);
			runOnlyForDeploymentPostprocessing = 0;
		};
/* End PBXSourcesBuildPhase section */

/* Begin PBXVariantGroup section */
		24FFDA8E205A7FA200E194CA /* Main.storyboard */ = {
			isa = PBXVariantGroup;
			children = (
				24FFDA8F205A7FA200E194CA /* Base */,
			);
			name = Main.storyboard;
			sourceTree = "<group>";
		};
		24FFDA93205A7FA200E194CA /* LaunchScreen.storyboard */ = {
			isa = PBXVariantGroup;
			children = (
				24FFDA94205A7FA200E194CA /* Base */,
			);
			name = LaunchScreen.storyboard;
			sourceTree = "<group>";
		};
/* End PBXVariantGroup section */

/* Begin XCBuildConfiguration section */
		24FFDA97205A7FA200E194CA /* Debug */ = {
			isa = XCBuildConfiguration;
			buildSettings = {
				ALWAYS_SEARCH_USER_PATHS = NO;
				CLANG_ANALYZER_NONNULL = YES;
				CLANG_ANALYZER_NUMBER_OBJECT_CONVERSION = YES_AGGRESSIVE;
				CLANG_CXX_LANGUAGE_STANDARD = "gnu++14";
				CLANG_CXX_LIBRARY = "libc++";
				CLANG_ENABLE_MODULES = YES;
				CLANG_ENABLE_OBJC_ARC = YES;
				CLANG_WARN_BLOCK_CAPTURE_AUTORELEASING = YES;
				CLANG_WARN_BOOL_CONVERSION = YES;
				CLANG_WARN_COMMA = YES;
				CLANG_WARN_CONSTANT_CONVERSION = YES;
				CLANG_WARN_DIRECT_OBJC_ISA_USAGE = YES_ERROR;
				CLANG_WARN_DOCUMENTATION_COMMENTS = YES;
				CLANG_WARN_EMPTY_BODY = YES;
				CLANG_WARN_ENUM_CONVERSION = YES;
				CLANG_WARN_INFINITE_RECURSION = YES;
				CLANG_WARN_INT_CONVERSION = YES;
				CLANG_WARN_NON_LITERAL_NULL_CONVERSION = YES;
				CLANG_WARN_OBJC_LITERAL_CONVERSION = YES;
				CLANG_WARN_OBJC_ROOT_CLASS = YES_ERROR;
				CLANG_WARN_RANGE_LOOP_ANALYSIS = YES;
				CLANG_WARN_STRICT_PROTOTYPES = YES;
				CLANG_WARN_SUSPICIOUS_MOVE = YES;
				CLANG_WARN_UNGUARDED_AVAILABILITY = YES_AGGRESSIVE;
				CLANG_WARN_UNREACHABLE_CODE = YES;
				CLANG_WARN__DUPLICATE_METHOD_MATCH = YES;
				CODE_SIGN_IDENTITY = "iPhone Developer";
				COPY_PHASE_STRIP = NO;
				DEBUG_INFORMATION_FORMAT = dwarf;
				ENABLE_STRICT_OBJC_MSGSEND = YES;
				ENABLE_TESTABILITY = YES;
				GCC_C_LANGUAGE_STANDARD = gnu11;
				GCC_DYNAMIC_NO_PIC = NO;
				GCC_NO_COMMON_BLOCKS = YES;
				GCC_OPTIMIZATION_LEVEL = 0;
				GCC_PREPROCESSOR_DEFINITIONS = (
					"DEBUG=1",
					"$(inherited)",
				);
				GCC_WARN_64_TO_32_BIT_CONVERSION = YES;
				GCC_WARN_ABOUT_RETURN_TYPE = YES_ERROR;
				GCC_WARN_UNDECLARED_SELECTOR = YES;
				GCC_WARN_UNINITIALIZED_AUTOS = YES_AGGRESSIVE;
				GCC_WARN_UNUSED_FUNCTION = YES;
				GCC_WARN_UNUSED_VARIABLE = YES;
				IPHONEOS_DEPLOYMENT_TARGET = 11.2;
				MTL_ENABLE_DEBUG_INFO = YES;
				ONLY_ACTIVE_ARCH = YES;
				SDKROOT = iphoneos;
				SWIFT_ACTIVE_COMPILATION_CONDITIONS = DEBUG;
				SWIFT_OPTIMIZATION_LEVEL = "-Onone";
			};
			name = Debug;
		};
		24FFDA98205A7FA200E194CA /* Release */ = {
			isa = XCBuildConfiguration;
			buildSettings = {
				ALWAYS_SEARCH_USER_PATHS = NO;
				CLANG_ANALYZER_NONNULL = YES;
				CLANG_ANALYZER_NUMBER_OBJECT_CONVERSION = YES_AGGRESSIVE;
				CLANG_CXX_LANGUAGE_STANDARD = "gnu++14";
				CLANG_CXX_LIBRARY = "libc++";
				CLANG_ENABLE_MODULES = YES;
				CLANG_ENABLE_OBJC_ARC = YES;
				CLANG_WARN_BLOCK_CAPTURE_AUTORELEASING = YES;
				CLANG_WARN_BOOL_CONVERSION = YES;
				CLANG_WARN_COMMA = YES;
				CLANG_WARN_CONSTANT_CONVERSION = YES;
				CLANG_WARN_DIRECT_OBJC_ISA_USAGE = YES_ERROR;
				CLANG_WARN_DOCUMENTATION_COMMENTS = YES;
				CLANG_WARN_EMPTY_BODY = YES;
				CLANG_WARN_ENUM_CONVERSION = YES;
				CLANG_WARN_INFINITE_RECURSION = YES;
				CLANG_WARN_INT_CONVERSION = YES;
				CLANG_WARN_NON_LITERAL_NULL_CONVERSION = YES;
				CLANG_WARN_OBJC_LITERAL_CONVERSION = YES;
				CLANG_WARN_OBJC_ROOT_CLASS = YES_ERROR;
				CLANG_WARN_RANGE_LOOP_ANALYSIS = YES;
				CLANG_WARN_STRICT_PROTOTYPES = YES;
				CLANG_WARN_SUSPICIOUS_MOVE = YES;
				CLANG_WARN_UNGUARDED_AVAILABILITY = YES_AGGRESSIVE;
				CLANG_WARN_UNREACHABLE_CODE = YES;
				CLANG_WARN__DUPLICATE_METHOD_MATCH = YES;
				CODE_SIGN_IDENTITY = "iPhone Developer";
				COPY_PHASE_STRIP = NO;
				DEBUG_INFORMATION_FORMAT = "dwarf-with-dsym";
				ENABLE_NS_ASSERTIONS = NO;
				ENABLE_STRICT_OBJC_MSGSEND = YES;
				GCC_C_LANGUAGE_STANDARD = gnu11;
				GCC_NO_COMMON_BLOCKS = YES;
				GCC_WARN_64_TO_32_BIT_CONVERSION = YES;
				GCC_WARN_ABOUT_RETURN_TYPE = YES_ERROR;
				GCC_WARN_UNDECLARED_SELECTOR = YES;
				GCC_WARN_UNINITIALIZED_AUTOS = YES_AGGRESSIVE;
				GCC_WARN_UNUSED_FUNCTION = YES;
				GCC_WARN_UNUSED_VARIABLE = YES;
				IPHONEOS_DEPLOYMENT_TARGET = 11.2;
				MTL_ENABLE_DEBUG_INFO = NO;
				SDKROOT = iphoneos;
				SWIFT_OPTIMIZATION_LEVEL = "-Owholemodule";
				VALIDATE_PRODUCT = YES;
			};
			name = Release;
		};
		24FFDA9A205A7FA200E194CA /* Debug */ = {
			isa = XCBuildConfiguration;
			buildSettings = {
				ASSETCATALOG_COMPILER_APPICON_NAME = AppIcon;
				CODE_SIGN_STYLE = Automatic;
				DEVELOPMENT_TEAM = 5WMS2B626T;
				INFOPLIST_FILE = WhatsThatFlower/Info.plist;
				LD_RUNPATH_SEARCH_PATHS = "$(inherited) @executable_path/Frameworks";
				PRODUCT_BUNDLE_IDENTIFIER = com.mahmoudkhudairi.WhatsThatFlower;
				PRODUCT_NAME = "$(TARGET_NAME)";
				SWIFT_VERSION = 4.0;
				TARGETED_DEVICE_FAMILY = "1,2";
			};
			name = Debug;
		};
		24FFDA9B205A7FA200E194CA /* Release */ = {
			isa = XCBuildConfiguration;
			buildSettings = {
				ASSETCATALOG_COMPILER_APPICON_NAME = AppIcon;
				CODE_SIGN_STYLE = Automatic;
				DEVELOPMENT_TEAM = 5WMS2B626T;
				INFOPLIST_FILE = WhatsThatFlower/Info.plist;
				LD_RUNPATH_SEARCH_PATHS = "$(inherited) @executable_path/Frameworks";
				PRODUCT_BUNDLE_IDENTIFIER = com.mahmoudkhudairi.WhatsThatFlower;
				PRODUCT_NAME = "$(TARGET_NAME)";
				SWIFT_VERSION = 4.0;
				TARGETED_DEVICE_FAMILY = "1,2";
			};
			name = Release;
		};
/* End XCBuildConfiguration section */

/* Begin XCConfigurationList section */
		24FFDA82205A7FA200E194CA /* Build configuration list for PBXProject "WhatsThatFlower" */ = {
			isa = XCConfigurationList;
			buildConfigurations = (
				24FFDA97205A7FA200E194CA /* Debug */,
				24FFDA98205A7FA200E194CA /* Release */,
			);
			defaultConfigurationIsVisible = 0;
			defaultConfigurationName = Release;
		};
		24FFDA99205A7FA200E194CA /* Build configuration list for PBXNativeTarget "WhatsThatFlower" */ = {
			isa = XCConfigurationList;
			buildConfigurations = (
				24FFDA9A205A7FA200E194CA /* Debug */,
				24FFDA9B205A7FA200E194CA /* Release */,
			);
			defaultConfigurationIsVisible = 0;
			defaultConfigurationName = Release;
		};
/* End XCConfigurationList section */
	};
	rootObject = 24FFDA7F205A7FA200E194CA /* Project object */;
}
